
Microsoft Visual Studio Solution File, Format Version 12.00
# Visual Studio 14
VisualStudioVersion = 14.0.25420.1
MinimumVisualStudioVersion = 10.0.40219.1
Project("{FAE04EC0-301F-11D3-BF4B-00C04F79EFBC}") = "XCurrency", "XCurrency\XCurrency\XCurrency.csproj", "{4CF15754-C6F8-4D67-9DEA-8D9C64123B58}"
EndProject
Project("{FAE04EC0-301F-11D3-BF4B-00C04F79EFBC}") = "XCurrency.Droid", "XCurrency\XCurrency.Droid\XCurrency.Droid.csproj", "{F7B8F230-BCAD-4BF9-9B3C-59D72687C675}"
EndProject
Project("{FAE04EC0-301F-11D3-BF4B-00C04F79EFBC}") = "XCurrency.iOS", "XCurrency\XCurrency.iOS\XCurrency.iOS.csproj", "{13E54DBF-24B2-450A-840E-4E05B7139CCF}"
EndProject
Project("{FAE04EC0-301F-11D3-BF4B-00C04F79EFBC}") = "XCurrency.UWP", "XCurrency\XCurrency.UWP\XCurrency.UWP.csproj", "{B5645391-90ED-442B-84F1-6E0A48111F78}"
EndProject
Global
	GlobalSection(SolutionConfigurationPlatforms) = preSolution
		Ad-Hoc|Any CPU = Ad-Hoc|Any CPU
		Ad-Hoc|ARM = Ad-Hoc|ARM
		Ad-Hoc|iPhone = Ad-Hoc|iPhone
		Ad-Hoc|iPhoneSimulator = Ad-Hoc|iPhoneSimulator
		Ad-Hoc|x64 = Ad-Hoc|x64
		Ad-Hoc|x86 = Ad-Hoc|x86
		AppStore|Any CPU = AppStore|Any CPU
		AppStore|ARM = AppStore|ARM
		AppStore|iPhone = AppStore|iPhone
		AppStore|iPhoneSimulator = AppStore|iPhoneSimulator
		AppStore|x64 = AppStore|x64
		AppStore|x86 = AppStore|x86
		Debug|Any CPU = Debug|Any CPU
		Debug|ARM = Debug|ARM
		Debug|iPhone = Debug|iPhone
		Debug|iPhoneSimulator = Debug|iPhoneSimulator
		Debug|x64 = Debug|x64
		Debug|x86 = Debug|x86
		Release|Any CPU = Release|Any CPU
		Release|ARM = Release|ARM
		Release|iPhone = Release|iPhone
		Release|iPhoneSimulator = Release|iPhoneSimulator
		Release|x64 = Release|x64
		Release|x86 = Release|x86
	EndGlobalSection
	GlobalSection(ProjectConfigurationPlatforms) = postSolution
		{4CF15754-C6F8-4D67-9DEA-8D9C64123B58}.Ad-Hoc|Any CPU.ActiveCfg = Release|Any CPU
		{4CF15754-C6F8-4D67-9DEA-8D9C64123B58}.Ad-Hoc|Any CPU.Build.0 = Release|Any CPU
		{4CF15754-C6F8-4D67-9DEA-8D9C64123B58}.Ad-Hoc|ARM.ActiveCfg = Release|Any CPU
		{4CF15754-C6F8-4D67-9DEA-8D9C64123B58}.Ad-Hoc|ARM.Build.0 = Release|Any CPU
		{4CF15754-C6F8-4D67-9DEA-8D9C64123B58}.Ad-Hoc|iPhone.ActiveCfg = Release|Any CPU
		{4CF15754-C6F8-4D67-9DEA-8D9C64123B58}.Ad-Hoc|iPhone.Build.0 = Release|Any CPU
		{4CF15754-C6F8-4D67-9DEA-8D9C64123B58}.Ad-Hoc|iPhoneSimulator.ActiveCfg = Release|Any CPU
		{4CF15754-C6F8-4D67-9DEA-8D9C64123B58}.Ad-Hoc|iPhoneSimulator.Build.0 = Release|Any CPU
		{4CF15754-C6F8-4D67-9DEA-8D9C64123B58}.Ad-Hoc|x64.ActiveCfg = Release|Any CPU
		{4CF15754-C6F8-4D67-9DEA-8D9C64123B58}.Ad-Hoc|x64.Build.0 = Release|Any CPU
		{4CF15754-C6F8-4D67-9DEA-8D9C64123B58}.Ad-Hoc|x86.ActiveCfg = Release|Any CPU
		{4CF15754-C6F8-4D67-9DEA-8D9C64123B58}.Ad-Hoc|x86.Build.0 = Release|Any CPU
		{4CF15754-C6F8-4D67-9DEA-8D9C64123B58}.AppStore|Any CPU.ActiveCfg = Release|Any CPU
		{4CF15754-C6F8-4D67-9DEA-8D9C64123B58}.AppStore|Any CPU.Build.0 = Release|Any CPU
		{4CF15754-C6F8-4D67-9DEA-8D9C64123B58}.AppStore|ARM.ActiveCfg = Release|Any CPU
		{4CF15754-C6F8-4D67-9DEA-8D9C64123B58}.AppStore|ARM.Build.0 = Release|Any CPU
		{4CF15754-C6F8-4D67-9DEA-8D9C64123B58}.AppStore|iPhone.ActiveCfg = Release|Any CPU
		{4CF15754-C6F8-4D67-9DEA-8D9C64123B58}.AppStore|iPhone.Build.0 = Release|Any CPU
		{4CF15754-C6F8-4D67-9DEA-8D9C64123B58}.AppStore|iPhoneSimulator.ActiveCfg = Release|Any CPU
		{4CF15754-C6F8-4D67-9DEA-8D9C64123B58}.AppStore|iPhoneSimulator.Build.0 = Release|Any CPU
		{4CF15754-C6F8-4D67-9DEA-8D9C64123B58}.AppStore|x64.ActiveCfg = Release|Any CPU
		{4CF15754-C6F8-4D67-9DEA-8D9C64123B58}.AppStore|x64.Build.0 = Release|Any CPU
		{4CF15754-C6F8-4D67-9DEA-8D9C64123B58}.AppStore|x86.ActiveCfg = Release|Any CPU
		{4CF15754-C6F8-4D67-9DEA-8D9C64123B58}.AppStore|x86.Build.0 = Release|Any CPU
		{4CF15754-C6F8-4D67-9DEA-8D9C64123B58}.Debug|Any CPU.ActiveCfg = Debug|Any CPU
		{4CF15754-C6F8-4D67-9DEA-8D9C64123B58}.Debug|Any CPU.Build.0 = Debug|Any CPU
		{4CF15754-C6F8-4D67-9DEA-8D9C64123B58}.Debug|ARM.ActiveCfg = Debug|Any CPU
		{4CF15754-C6F8-4D67-9DEA-8D9C64123B58}.Debug|ARM.Build.0 = Debug|Any CPU
		{4CF15754-C6F8-4D67-9DEA-8D9C64123B58}.Debug|iPhone.ActiveCfg = Debug|Any CPU
		{4CF15754-C6F8-4D67-9DEA-8D9C64123B58}.Debug|iPhone.Build.0 = Debug|Any CPU
		{4CF15754-C6F8-4D67-9DEA-8D9C64123B58}.Debug|iPhoneSimulator.ActiveCfg = Debug|Any CPU
		{4CF15754-C6F8-4D67-9DEA-8D9C64123B58}.Debug|iPhoneSimulator.Build.0 = Debug|Any CPU
		{4CF15754-C6F8-4D67-9DEA-8D9C64123B58}.Debug|x64.ActiveCfg = Debug|Any CPU
		{4CF15754-C6F8-4D67-9DEA-8D9C64123B58}.Debug|x64.Build.0 = Debug|Any CPU
		{4CF15754-C6F8-4D67-9DEA-8D9C64123B58}.Debug|x86.ActiveCfg = Debug|Any CPU
		{4CF15754-C6F8-4D67-9DEA-8D9C64123B58}.Debug|x86.Build.0 = Debug|Any CPU
		{4CF15754-C6F8-4D67-9DEA-8D9C64123B58}.Release|Any CPU.ActiveCfg = Release|Any CPU
		{4CF15754-C6F8-4D67-9DEA-8D9C64123B58}.Release|Any CPU.Build.0 = Release|Any CPU
		{4CF15754-C6F8-4D67-9DEA-8D9C64123B58}.Release|ARM.ActiveCfg = Release|Any CPU
		{4CF15754-C6F8-4D67-9DEA-8D9C64123B58}.Release|ARM.Build.0 = Release|Any CPU
		{4CF15754-C6F8-4D67-9DEA-8D9C64123B58}.Release|iPhone.ActiveCfg = Release|Any CPU
		{4CF15754-C6F8-4D67-9DEA-8D9C64123B58}.Release|iPhone.Build.0 = Release|Any CPU
		{4CF15754-C6F8-4D67-9DEA-8D9C64123B58}.Release|iPhoneSimulator.ActiveCfg = Release|Any CPU
		{4CF15754-C6F8-4D67-9DEA-8D9C64123B58}.Release|iPhoneSimulator.Build.0 = Release|Any CPU
		{4CF15754-C6F8-4D67-9DEA-8D9C64123B58}.Release|x64.ActiveCfg = Release|Any CPU
		{4CF15754-C6F8-4D67-9DEA-8D9C64123B58}.Release|x64.Build.0 = Release|Any CPU
		{4CF15754-C6F8-4D67-9DEA-8D9C64123B58}.Release|x86.ActiveCfg = Release|Any CPU
		{4CF15754-C6F8-4D67-9DEA-8D9C64123B58}.Release|x86.Build.0 = Release|Any CPU
		{F7B8F230-BCAD-4BF9-9B3C-59D72687C675}.Ad-Hoc|Any CPU.ActiveCfg = Release|Any CPU
		{F7B8F230-BCAD-4BF9-9B3C-59D72687C675}.Ad-Hoc|Any CPU.Build.0 = Release|Any CPU
		{F7B8F230-BCAD-4BF9-9B3C-59D72687C675}.Ad-Hoc|Any CPU.Deploy.0 = Release|Any CPU
		{F7B8F230-BCAD-4BF9-9B3C-59D72687C675}.Ad-Hoc|ARM.ActiveCfg = Release|Any CPU
		{F7B8F230-BCAD-4BF9-9B3C-59D72687C675}.Ad-Hoc|ARM.Build.0 = Release|Any CPU
		{F7B8F230-BCAD-4BF9-9B3C-59D72687C675}.Ad-Hoc|ARM.Deploy.0 = Release|Any CPU
		{F7B8F230-BCAD-4BF9-9B3C-59D72687C675}.Ad-Hoc|iPhone.ActiveCfg = Release|Any CPU
		{F7B8F230-BCAD-4BF9-9B3C-59D72687C675}.Ad-Hoc|iPhone.Build.0 = Release|Any CPU
		{F7B8F230-BCAD-4BF9-9B3C-59D72687C675}.Ad-Hoc|iPhone.Deploy.0 = Release|Any CPU
		{F7B8F230-BCAD-4BF9-9B3C-59D72687C675}.Ad-Hoc|iPhoneSimulator.ActiveCfg = Release|Any CPU
		{F7B8F230-BCAD-4BF9-9B3C-59D72687C675}.Ad-Hoc|iPhoneSimulator.Build.0 = Release|Any CPU
		{F7B8F230-BCAD-4BF9-9B3C-59D72687C675}.Ad-Hoc|iPhoneSimulator.Deploy.0 = Release|Any CPU
		{F7B8F230-BCAD-4BF9-9B3C-59D72687C675}.Ad-Hoc|x64.ActiveCfg = Release|Any CPU
		{F7B8F230-BCAD-4BF9-9B3C-59D72687C675}.Ad-Hoc|x64.Build.0 = Release|Any CPU
		{F7B8F230-BCAD-4BF9-9B3C-59D72687C675}.Ad-Hoc|x64.Deploy.0 = Release|Any CPU
		{F7B8F230-BCAD-4BF9-9B3C-59D72687C675}.Ad-Hoc|x86.ActiveCfg = Release|Any CPU
		{F7B8F230-BCAD-4BF9-9B3C-59D72687C675}.Ad-Hoc|x86.Build.0 = Release|Any CPU
		{F7B8F230-BCAD-4BF9-9B3C-59D72687C675}.Ad-Hoc|x86.Deploy.0 = Release|Any CPU
		{F7B8F230-BCAD-4BF9-9B3C-59D72687C675}.AppStore|Any CPU.ActiveCfg = Release|Any CPU
		{F7B8F230-BCAD-4BF9-9B3C-59D72687C675}.AppStore|Any CPU.Build.0 = Release|Any CPU
		{F7B8F230-BCAD-4BF9-9B3C-59D72687C675}.AppStore|Any CPU.Deploy.0 = Release|Any CPU
		{F7B8F230-BCAD-4BF9-9B3C-59D72687C675}.AppStore|ARM.ActiveCfg = Release|Any CPU
		{F7B8F230-BCAD-4BF9-9B3C-59D72687C675}.AppStore|ARM.Build.0 = Release|Any CPU
		{F7B8F230-BCAD-4BF9-9B3C-59D72687C675}.AppStore|ARM.Deploy.0 = Release|Any CPU
		{F7B8F230-BCAD-4BF9-9B3C-59D72687C675}.AppStore|iPhone.ActiveCfg = Release|Any CPU
		{F7B8F230-BCAD-4BF9-9B3C-59D72687C675}.AppStore|iPhone.Build.0 = Release|Any CPU
		{F7B8F230-BCAD-4BF9-9B3C-59D72687C675}.AppStore|iPhone.Deploy.0 = Release|Any CPU
		{F7B8F230-BCAD-4BF9-9B3C-59D72687C675}.AppStore|iPhoneSimulator.ActiveCfg = Release|Any CPU
		{F7B8F230-BCAD-4BF9-9B3C-59D72687C675}.AppStore|iPhoneSimulator.Build.0 = Release|Any CPU
		{F7B8F230-BCAD-4BF9-9B3C-59D72687C675}.AppStore|iPhoneSimulator.Deploy.0 = Release|Any CPU
		{F7B8F230-BCAD-4BF9-9B3C-59D72687C675}.AppStore|x64.ActiveCfg = Release|Any CPU
		{F7B8F230-BCAD-4BF9-9B3C-59D72687C675}.AppStore|x64.Build.0 = Release|Any CPU
		{F7B8F230-BCAD-4BF9-9B3C-59D72687C675}.AppStore|x64.Deploy.0 = Release|Any CPU
		{F7B8F230-BCAD-4BF9-9B3C-59D72687C675}.AppStore|x86.ActiveCfg = Release|Any CPU
		{F7B8F230-BCAD-4BF9-9B3C-59D72687C675}.AppStore|x86.Build.0 = Release|Any CPU
		{F7B8F230-BCAD-4BF9-9B3C-59D72687C675}.AppStore|x86.Deploy.0 = Release|Any CPU
		{F7B8F230-BCAD-4BF9-9B3C-59D72687C675}.Debug|Any CPU.ActiveCfg = Debug|Any CPU
		{F7B8F230-BCAD-4BF9-9B3C-59D72687C675}.Debug|Any CPU.Build.0 = Debug|Any CPU
		{F7B8F230-BCAD-4BF9-9B3C-59D72687C675}.Debug|Any CPU.Deploy.0 = Debug|Any CPU
		{F7B8F230-BCAD-4BF9-9B3C-59D72687C675}.Debug|ARM.ActiveCfg = Debug|Any CPU
		{F7B8F230-BCAD-4BF9-9B3C-59D72687C675}.Debug|ARM.Build.0 = Debug|Any CPU
		{F7B8F230-BCAD-4BF9-9B3C-59D72687C675}.Debug|ARM.Deploy.0 = Debug|Any CPU
		{F7B8F230-BCAD-4BF9-9B3C-59D72687C675}.Debug|iPhone.ActiveCfg = Debug|Any CPU
		{F7B8F230-BCAD-4BF9-9B3C-59D72687C675}.Debug|iPhone.Build.0 = Debug|Any CPU
		{F7B8F230-BCAD-4BF9-9B3C-59D72687C675}.Debug|iPhone.Deploy.0 = Debug|Any CPU
		{F7B8F230-BCAD-4BF9-9B3C-59D72687C675}.Debug|iPhoneSimulator.ActiveCfg = Debug|Any CPU
		{F7B8F230-BCAD-4BF9-9B3C-59D72687C675}.Debug|iPhoneSimulator.Build.0 = Debug|Any CPU
		{F7B8F230-BCAD-4BF9-9B3C-59D72687C675}.Debug|iPhoneSimulator.Deploy.0 = Debug|Any CPU
		{F7B8F230-BCAD-4BF9-9B3C-59D72687C675}.Debug|x64.ActiveCfg = Debug|Any CPU
		{F7B8F230-BCAD-4BF9-9B3C-59D72687C675}.Debug|x64.Build.0 = Debug|Any CPU
		{F7B8F230-BCAD-4BF9-9B3C-59D72687C675}.Debug|x64.Deploy.0 = Debug|Any CPU
		{F7B8F230-BCAD-4BF9-9B3C-59D72687C675}.Debug|x86.ActiveCfg = Debug|Any CPU
		{F7B8F230-BCAD-4BF9-9B3C-59D72687C675}.Debug|x86.Build.0 = Debug|Any CPU
		{F7B8F230-BCAD-4BF9-9B3C-59D72687C675}.Debug|x86.Deploy.0 = Debug|Any CPU
		{F7B8F230-BCAD-4BF9-9B3C-59D72687C675}.Release|Any CPU.ActiveCfg = Release|Any CPU
		{F7B8F230-BCAD-4BF9-9B3C-59D72687C675}.Release|Any CPU.Build.0 = Release|Any CPU
		{F7B8F230-BCAD-4BF9-9B3C-59D72687C675}.Release|Any CPU.Deploy.0 = Release|Any CPU
		{F7B8F230-BCAD-4BF9-9B3C-59D72687C675}.Release|ARM.ActiveCfg = Release|Any CPU
		{F7B8F230-BCAD-4BF9-9B3C-59D72687C675}.Release|ARM.Build.0 = Release|Any CPU
		{F7B8F230-BCAD-4BF9-9B3C-59D72687C675}.Release|ARM.Deploy.0 = Release|Any CPU
		{F7B8F230-BCAD-4BF9-9B3C-59D72687C675}.Release|iPhone.ActiveCfg = Release|Any CPU
		{F7B8F230-BCAD-4BF9-9B3C-59D72687C675}.Release|iPhone.Build.0 = Release|Any CPU
		{F7B8F230-BCAD-4BF9-9B3C-59D72687C675}.Release|iPhone.Deploy.0 = Release|Any CPU
		{F7B8F230-BCAD-4BF9-9B3C-59D72687C675}.Release|iPhoneSimulator.ActiveCfg = Release|Any CPU
		{F7B8F230-BCAD-4BF9-9B3C-59D72687C675}.Release|iPhoneSimulator.Build.0 = Release|Any CPU
		{F7B8F230-BCAD-4BF9-9B3C-59D72687C675}.Release|iPhoneSimulator.Deploy.0 = Release|Any CPU
		{F7B8F230-BCAD-4BF9-9B3C-59D72687C675}.Release|x64.ActiveCfg = Release|Any CPU
		{F7B8F230-BCAD-4BF9-9B3C-59D72687C675}.Release|x64.Build.0 = Release|Any CPU
		{F7B8F230-BCAD-4BF9-9B3C-59D72687C675}.Release|x64.Deploy.0 = Release|Any CPU
		{F7B8F230-BCAD-4BF9-9B3C-59D72687C675}.Release|x86.ActiveCfg = Release|Any CPU
		{F7B8F230-BCAD-4BF9-9B3C-59D72687C675}.Release|x86.Build.0 = Release|Any CPU
		{F7B8F230-BCAD-4BF9-9B3C-59D72687C675}.Release|x86.Deploy.0 = Release|Any CPU
		{13E54DBF-24B2-450A-840E-4E05B7139CCF}.Ad-Hoc|Any CPU.ActiveCfg = Ad-Hoc|iPhone
		{13E54DBF-24B2-450A-840E-4E05B7139CCF}.Ad-Hoc|ARM.ActiveCfg = Ad-Hoc|iPhone
		{13E54DBF-24B2-450A-840E-4E05B7139CCF}.Ad-Hoc|iPhone.ActiveCfg = Ad-Hoc|iPhone
		{13E54DBF-24B2-450A-840E-4E05B7139CCF}.Ad-Hoc|iPhone.Build.0 = Ad-Hoc|iPhone
		{13E54DBF-24B2-450A-840E-4E05B7139CCF}.Ad-Hoc|iPhoneSimulator.ActiveCfg = Ad-Hoc|iPhoneSimulator
		{13E54DBF-24B2-450A-840E-4E05B7139CCF}.Ad-Hoc|iPhoneSimulator.Build.0 = Ad-Hoc|iPhoneSimulator
		{13E54DBF-24B2-450A-840E-4E05B7139CCF}.Ad-Hoc|x64.ActiveCfg = Ad-Hoc|iPhone
		{13E54DBF-24B2-450A-840E-4E05B7139CCF}.Ad-Hoc|x86.ActiveCfg = Ad-Hoc|iPhone
		{13E54DBF-24B2-450A-840E-4E05B7139CCF}.AppStore|Any CPU.ActiveCfg = AppStore|iPhone
		{13E54DBF-24B2-450A-840E-4E05B7139CCF}.AppStore|ARM.ActiveCfg = AppStore|iPhone
		{13E54DBF-24B2-450A-840E-4E05B7139CCF}.AppStore|iPhone.ActiveCfg = AppStore|iPhone
		{13E54DBF-24B2-450A-840E-4E05B7139CCF}.AppStore|iPhone.Build.0 = AppStore|iPhone
		{13E54DBF-24B2-450A-840E-4E05B7139CCF}.AppStore|iPhoneSimulator.ActiveCfg = AppStore|iPhoneSimulator
		{13E54DBF-24B2-450A-840E-4E05B7139CCF}.AppStore|iPhoneSimulator.Build.0 = AppStore|iPhoneSimulator
		{13E54DBF-24B2-450A-840E-4E05B7139CCF}.AppStore|x64.ActiveCfg = AppStore|iPhone
		{13E54DBF-24B2-450A-840E-4E05B7139CCF}.AppStore|x86.ActiveCfg = AppStore|iPhone
		{13E54DBF-24B2-450A-840E-4E05B7139CCF}.Debug|Any CPU.ActiveCfg = Debug|iPhone
		{13E54DBF-24B2-450A-840E-4E05B7139CCF}.Debug|ARM.ActiveCfg = Debug|iPhone
		{13E54DBF-24B2-450A-840E-4E05B7139CCF}.Debug|iPhone.ActiveCfg = Debug|iPhone
		{13E54DBF-24B2-450A-840E-4E05B7139CCF}.Debug|iPhoneSimulator.ActiveCfg = Debug|iPhoneSimulator
		{13E54DBF-24B2-450A-840E-4E05B7139CCF}.Debug|iPhoneSimulator.Build.0 = Debug|iPhoneSimulator
		{13E54DBF-24B2-450A-840E-4E05B7139CCF}.Debug|x64.ActiveCfg = Debug|iPhone
		{13E54DBF-24B2-450A-840E-4E05B7139CCF}.Debug|x86.ActiveCfg = Debug|iPhone
		{13E54DBF-24B2-450A-840E-4E05B7139CCF}.Release|Any CPU.ActiveCfg = Release|iPhone
		{13E54DBF-24B2-450A-840E-4E05B7139CCF}.Release|ARM.ActiveCfg = Release|iPhone
		{13E54DBF-24B2-450A-840E-4E05B7139CCF}.Release|iPhone.ActiveCfg = Release|iPhone
		{13E54DBF-24B2-450A-840E-4E05B7139CCF}.Release|iPhone.Build.0 = Release|iPhone
		{13E54DBF-24B2-450A-840E-4E05B7139CCF}.Release|iPhoneSimulator.ActiveCfg = Release|iPhoneSimulator
		{13E54DBF-24B2-450A-840E-4E05B7139CCF}.Release|iPhoneSimulator.Build.0 = Release|iPhoneSimulator
		{13E54DBF-24B2-450A-840E-4E05B7139CCF}.Release|x64.ActiveCfg = Release|iPhone
		{13E54DBF-24B2-450A-840E-4E05B7139CCF}.Release|x86.ActiveCfg = Release|iPhone
		{B5645391-90ED-442B-84F1-6E0A48111F78}.Ad-Hoc|Any CPU.ActiveCfg = Release|x86
		{B5645391-90ED-442B-84F1-6E0A48111F78}.Ad-Hoc|Any CPU.Build.0 = Release|x86
		{B5645391-90ED-442B-84F1-6E0A48111F78}.Ad-Hoc|Any CPU.Deploy.0 = Release|x86
		{B5645391-90ED-442B-84F1-6E0A48111F78}.Ad-Hoc|ARM.ActiveCfg = Release|ARM
		{B5645391-90ED-442B-84F1-6E0A48111F78}.Ad-Hoc|ARM.Build.0 = Release|ARM
		{B5645391-90ED-442B-84F1-6E0A48111F78}.Ad-Hoc|ARM.Deploy.0 = Release|ARM
		{B5645391-90ED-442B-84F1-6E0A48111F78}.Ad-Hoc|iPhone.ActiveCfg = Release|x86
		{B5645391-90ED-442B-84F1-6E0A48111F78}.Ad-Hoc|iPhone.Build.0 = Release|x86
		{B5645391-90ED-442B-84F1-6E0A48111F78}.Ad-Hoc|iPhone.Deploy.0 = Release|x86
		{B5645391-90ED-442B-84F1-6E0A48111F78}.Ad-Hoc|iPhoneSimulator.ActiveCfg = Release|x86
		{B5645391-90ED-442B-84F1-6E0A48111F78}.Ad-Hoc|iPhoneSimulator.Build.0 = Release|x86
		{B5645391-90ED-442B-84F1-6E0A48111F78}.Ad-Hoc|iPhoneSimulator.Deploy.0 = Release|x86
		{B5645391-90ED-442B-84F1-6E0A48111F78}.Ad-Hoc|x64.ActiveCfg = Release|x64
		{B5645391-90ED-442B-84F1-6E0A48111F78}.Ad-Hoc|x64.Build.0 = Release|x64
		{B5645391-90ED-442B-84F1-6E0A48111F78}.Ad-Hoc|x64.Deploy.0 = Release|x64
		{B5645391-90ED-442B-84F1-6E0A48111F78}.Ad-Hoc|x86.ActiveCfg = Release|x86
		{B5645391-90ED-442B-84F1-6E0A48111F78}.Ad-Hoc|x86.Build.0 = Release|x86
		{B5645391-90ED-442B-84F1-6E0A48111F78}.Ad-Hoc|x86.Deploy.0 = Release|x86
		{B5645391-90ED-442B-84F1-6E0A48111F78}.AppStore|Any CPU.ActiveCfg = Release|x86
		{B5645391-90ED-442B-84F1-6E0A48111F78}.AppStore|Any CPU.Build.0 = Release|x86
		{B5645391-90ED-442B-84F1-6E0A48111F78}.AppStore|Any CPU.Deploy.0 = Release|x86
		{B5645391-90ED-442B-84F1-6E0A48111F78}.AppStore|ARM.ActiveCfg = Release|ARM
		{B5645391-90ED-442B-84F1-6E0A48111F78}.AppStore|ARM.Build.0 = Release|ARM
		{B5645391-90ED-442B-84F1-6E0A48111F78}.AppStore|ARM.Deploy.0 = Release|ARM
		{B5645391-90ED-442B-84F1-6E0A48111F78}.AppStore|iPhone.ActiveCfg = Release|x86
		{B5645391-90ED-442B-84F1-6E0A48111F78}.AppStore|iPhone.Build.0 = Release|x86
		{B5645391-90ED-442B-84F1-6E0A48111F78}.AppStore|iPhone.Deploy.0 = Release|x86
		{B5645391-90ED-442B-84F1-6E0A48111F78}.AppStore|iPhoneSimulator.ActiveCfg = Release|x86
		{B5645391-90ED-442B-84F1-6E0A48111F78}.AppStore|iPhoneSimulator.Build.0 = Release|x86
		{B5645391-90ED-442B-84F1-6E0A48111F78}.AppStore|iPhoneSimulator.Deploy.0 = Release|x86
		{B5645391-90ED-442B-84F1-6E0A48111F78}.AppStore|x64.ActiveCfg = Release|x64
		{B5645391-90ED-442B-84F1-6E0A48111F78}.AppStore|x64.Build.0 = Release|x64
		{B5645391-90ED-442B-84F1-6E0A48111F78}.AppStore|x64.Deploy.0 = Release|x64
		{B5645391-90ED-442B-84F1-6E0A48111F78}.AppStore|x86.ActiveCfg = Release|x86
		{B5645391-90ED-442B-84F1-6E0A48111F78}.AppStore|x86.Build.0 = Release|x86
		{B5645391-90ED-442B-84F1-6E0A48111F78}.AppStore|x86.Deploy.0 = Release|x86
		{B5645391-90ED-442B-84F1-6E0A48111F78}.Debug|Any CPU.ActiveCfg = Debug|x86
		{B5645391-90ED-442B-84F1-6E0A48111F78}.Debug|Any CPU.Build.0 = Debug|x86
		{B5645391-90ED-442B-84F1-6E0A48111F78}.Debug|Any CPU.Deploy.0 = Debug|x86
		{B5645391-90ED-442B-84F1-6E0A48111F78}.Debug|ARM.ActiveCfg = Debug|ARM
		{B5645391-90ED-442B-84F1-6E0A48111F78}.Debug|ARM.Build.0 = Debug|ARM
		{B5645391-90ED-442B-84F1-6E0A48111F78}.Debug|ARM.Deploy.0 = Debug|ARM
		{B5645391-90ED-442B-84F1-6E0A48111F78}.Debug|iPhone.ActiveCfg = Debug|x86
		{B5645391-90ED-442B-84F1-6E0A48111F78}.Debug|iPhone.Build.0 = Debug|x86
		{B5645391-90ED-442B-84F1-6E0A48111F78}.Debug|iPhone.Deploy.0 = Debug|x86
		{B5645391-90ED-442B-84F1-6E0A48111F78}.Debug|iPhoneSimulator.ActiveCfg = Debug|x86
		{B5645391-90ED-442B-84F1-6E0A48111F78}.Debug|x64.ActiveCfg = Debug|x64
		{B5645391-90ED-442B-84F1-6E0A48111F78}.Debug|x64.Build.0 = Debug|x64
		{B5645391-90ED-442B-84F1-6E0A48111F78}.Debug|x64.Deploy.0 = Debug|x64
		{B5645391-90ED-442B-84F1-6E0A48111F78}.Debug|x86.ActiveCfg = Debug|x86
		{B5645391-90ED-442B-84F1-6E0A48111F78}.Debug|x86.Build.0 = Debug|x86
		{B5645391-90ED-442B-84F1-6E0A48111F78}.Debug|x86.Deploy.0 = Debug|x86
		{B5645391-90ED-442B-84F1-6E0A48111F78}.Release|Any CPU.ActiveCfg = Release|x86
		{B5645391-90ED-442B-84F1-6E0A48111F78}.Release|ARM.ActiveCfg = Release|ARM
		{B5645391-90ED-442B-84F1-6E0A48111F78}.Release|ARM.Build.0 = Release|ARM
		{B5645391-90ED-442B-84F1-6E0A48111F78}.Release|ARM.Deploy.0 = Release|ARM
		{B5645391-90ED-442B-84F1-6E0A48111F78}.Release|iPhone.ActiveCfg = Release|x86
		{B5645391-90ED-442B-84F1-6E0A48111F78}.Release|iPhoneSimulator.ActiveCfg = Release|x86
		{B5645391-90ED-442B-84F1-6E0A48111F78}.Release|x64.ActiveCfg = Release|x64
		{B5645391-90ED-442B-84F1-6E0A48111F78}.Release|x64.Build.0 = Release|x64
		{B5645391-90ED-442B-84F1-6E0A48111F78}.Release|x64.Deploy.0 = Release|x64
		{B5645391-90ED-442B-84F1-6E0A48111F78}.Release|x86.ActiveCfg = Release|x86
		{B5645391-90ED-442B-84F1-6E0A48111F78}.Release|x86.Build.0 = Release|x86
		{B5645391-90ED-442B-84F1-6E0A48111F78}.Release|x86.Deploy.0 = Release|x86
	EndGlobalSection
	GlobalSection(SolutionProperties) = preSolution
		HideSolutionNode = FALSE
	EndGlobalSection
EndGlobal
